
Microsoft Visual Studio Solution File, Format Version 12.00
# Visual Studio Version 17
VisualStudioVersion = 17.11.35327.3
MinimumVisualStudioVersion = 10.0.40219.1
Project("{FAE04EC0-301F-11D3-BF4B-00C04F79EFBC}") = "Scheduling", "Scheduling.csproj", "{10EB211A-DEC5-48A4-BC8B-12EC4239DF19}"
EndProject
Global
	GlobalSection(SolutionConfigurationPlatforms) = preSolution
		Debug|Any CPU = Debug|Any CPU
		Release|Any CPU = Release|Any CPU
	EndGlobalSection
	GlobalSection(ProjectConfigurationPlatforms) = postSolution
		{10EB211A-DEC5-48A4-BC8B-12EC4239DF19}.Debug|Any CPU.ActiveCfg = Debug|Any CPU
		{10EB211A-DEC5-48A4-BC8B-12EC4239DF19}.Debug|Any CPU.Build.0 = Debug|Any CPU
		{10EB211A-DEC5-48A4-BC8B-12EC4239DF19}.Release|Any CPU.ActiveCfg = Release|Any CPU
		{10EB211A-DEC5-48A4-BC8B-12EC4239DF19}.Release|Any CPU.Build.0 = Release|Any CPU
	EndGlobalSection
	GlobalSection(SolutionProperties) = preSolution
		HideSolutionNode = FALSE
	EndGlobalSection
	GlobalSection(ExtensibilityGlobals) = postSolution
		SolutionGuid = {BD8F6CBD-45AF-4DF2-B322-97F7B802EA8D}
	EndGlobalSection
EndGlobal
